
Microsoft Visual Studio Solution File, Format Version 12.00
# Visual Studio 15
Project("{FAE04EC0-301F-11D3-BF4B-00C04F79EFBC}") = "Assembly-CSharp", "Assembly-CSharp.csproj", "{406A7001-2492-7346-BBF9-8934B9C66789}"
EndProject
Project("{FAE04EC0-301F-11D3-BF4B-00C04F79EFBC}") = "Assembly-CSharp-Editor", "Assembly-CSharp-Editor.csproj", "{506B01E3-EFB6-997C-F983-C06F45B9A101}"
EndProject
Global
	GlobalSection(SolutionConfigurationPlatforms) = preSolution
		Debug|Any CPU = Debug|Any CPU
		Release|Any CPU = Release|Any CPU
	EndGlobalSection
	GlobalSection(ProjectConfigurationPlatforms) = postSolution
		{406A7001-2492-7346-BBF9-8934B9C66789}.Debug|Any CPU.ActiveCfg = Debug|Any CPU
		{406A7001-2492-7346-BBF9-8934B9C66789}.Debug|Any CPU.Build.0 = Debug|Any CPU
		{406A7001-2492-7346-BBF9-8934B9C66789}.Release|Any CPU.ActiveCfg = Release|Any CPU
		{406A7001-2492-7346-BBF9-8934B9C66789}.Release|Any CPU.Build.0 = Release|Any CPU
		{506B01E3-EFB6-997C-F983-C06F45B9A101}.Debug|Any CPU.ActiveCfg = Debug|Any CPU
		{506B01E3-EFB6-997C-F983-C06F45B9A101}.Debug|Any CPU.Build.0 = Debug|Any CPU
		{506B01E3-EFB6-997C-F983-C06F45B9A101}.Release|Any CPU.ActiveCfg = Release|Any CPU
		{506B01E3-EFB6-997C-F983-C06F45B9A101}.Release|Any CPU.Build.0 = Release|Any CPU
	EndGlobalSection
	GlobalSection(SolutionProperties) = preSolution
		HideSolutionNode = FALSE
	EndGlobalSection
EndGlobal
